
Microsoft Visual Studio Solution File, Format Version 12.00
# Visual Studio 15
VisualStudioVersion = 15.0.27130.2010
MinimumVisualStudioVersion = 10.0.40219.1
Project("{FAE04EC0-301F-11D3-BF4B-00C04F79EFBC}") = "Compiler", "Compilers\Compiler.csproj", "{485D6C1D-DB45-496F-A8C0-17523D69002A}"
EndProject
Project("{FAE04EC0-301F-11D3-BF4B-00C04F79EFBC}") = "Compiler.UnitTests", "Compiler.UnitTests\Compiler.UnitTests.csproj", "{38CF468A-CDDC-485C-83D4-70A4435DD0EB}"
EndProject
Global
	GlobalSection(SolutionConfigurationPlatforms) = preSolution
		Debug|Any CPU = Debug|Any CPU
		Release|Any CPU = Release|Any CPU
	EndGlobalSection
	GlobalSection(ProjectConfigurationPlatforms) = postSolution
		{485D6C1D-DB45-496F-A8C0-17523D69002A}.Debug|Any CPU.ActiveCfg = Debug|Any CPU
		{485D6C1D-DB45-496F-A8C0-17523D69002A}.Debug|Any CPU.Build.0 = Debug|Any CPU
		{485D6C1D-DB45-496F-A8C0-17523D69002A}.Release|Any CPU.ActiveCfg = Release|Any CPU
		{485D6C1D-DB45-496F-A8C0-17523D69002A}.Release|Any CPU.Build.0 = Release|Any CPU
		{38CF468A-CDDC-485C-83D4-70A4435DD0EB}.Debug|Any CPU.ActiveCfg = Debug|Any CPU
		{38CF468A-CDDC-485C-83D4-70A4435DD0EB}.Debug|Any CPU.Build.0 = Debug|Any CPU
		{38CF468A-CDDC-485C-83D4-70A4435DD0EB}.Release|Any CPU.ActiveCfg = Release|Any CPU
		{38CF468A-CDDC-485C-83D4-70A4435DD0EB}.Release|Any CPU.Build.0 = Release|Any CPU
	EndGlobalSection
	GlobalSection(SolutionProperties) = preSolution
		HideSolutionNode = FALSE
	EndGlobalSection
	GlobalSection(ExtensibilityGlobals) = postSolution
		SolutionGuid = {FC1E70DC-5349-4A37-8069-DB8A2049FEB7}
	EndGlobalSection
EndGlobal
